// !$*UTF8*$!
{
	archiveVersion = 1;
	classes = {
	};
	objectVersion = 46;
	objects = {

/* Begin PBXBuildFile section */
		C5F34C881D2A1A460083F5E9 /* AppDelegate.swift in Sources */ = {isa = PBXBuildFile; fileRef = C5F34C871D2A1A460083F5E9 /* AppDelegate.swift */; };
		C5F34C8A1D2A1A460083F5E9 /* ViewController.swift in Sources */ = {isa = PBXBuildFile; fileRef = C5F34C891D2A1A460083F5E9 /* ViewController.swift */; };
		C5F34C8D1D2A1A460083F5E9 /* Main.storyboard in Resources */ = {isa = PBXBuildFile; fileRef = C5F34C8B1D2A1A460083F5E9 /* Main.storyboard */; };
		C5F34C8F1D2A1A460083F5E9 /* Assets.xcassets in Resources */ = {isa = PBXBuildFile; fileRef = C5F34C8E1D2A1A460083F5E9 /* Assets.xcassets */; };
		C5F34C921D2A1A460083F5E9 /* LaunchScreen.storyboard in Resources */ = {isa = PBXBuildFile; fileRef = C5F34C901D2A1A460083F5E9 /* LaunchScreen.storyboard */; };
		C5F34C9D1D2A1A470083F5E9 /* FlyingBirdTests.swift in Sources */ = {isa = PBXBuildFile; fileRef = C5F34C9C1D2A1A470083F5E9 /* FlyingBirdTests.swift */; };
		C5F34CA81D2A1A470083F5E9 /* FlyingBirdUITests.swift in Sources */ = {isa = PBXBuildFile; fileRef = C5F34CA71D2A1A470083F5E9 /* FlyingBirdUITests.swift */; };
		C5F34CB61D2A1ACF0083F5E9 /* bird.png in Resources */ = {isa = PBXBuildFile; fileRef = C5F34CB51D2A1ACF0083F5E9 /* bird.png */; };
/* End PBXBuildFile section */

/* Begin PBXContainerItemProxy section */
		C5F34C991D2A1A470083F5E9 /* PBXContainerItemProxy */ = {
			isa = PBXContainerItemProxy;
			containerPortal = C5F34C7C1D2A1A460083F5E9 /* Project object */;
			proxyType = 1;
			remoteGlobalIDString = C5F34C831D2A1A460083F5E9;
			remoteInfo = FlyingBird;
		};
		C5F34CA41D2A1A470083F5E9 /* PBXContainerItemProxy */ = {
			isa = PBXContainerItemProxy;
			containerPortal = C5F34C7C1D2A1A460083F5E9 /* Project object */;
			proxyType = 1;
			remoteGlobalIDString = C5F34C831D2A1A460083F5E9;
			remoteInfo = FlyingBird;
		};
/* End PBXContainerItemProxy section */

/* Begin PBXFileReference section */
		C5F34C841D2A1A460083F5E9 /* FlyingBird.app */ = {isa = PBXFileReference; explicitFileType = wrapper.application; includeInIndex = 0; path = FlyingBird.app; sourceTree = BUILT_PRODUCTS_DIR; };
		C5F34C871D2A1A460083F5E9 /* AppDelegate.swift */ = {isa = PBXFileReference; lastKnownFileType = sourcecode.swift; path = AppDelegate.swift; sourceTree = "<group>"; };
		C5F34C891D2A1A460083F5E9 /* ViewController.swift */ = {isa = PBXFileReference; lastKnownFileType = sourcecode.swift; path = ViewController.swift; sourceTree = "<group>"; };
		C5F34C8C1D2A1A460083F5E9 /* Base */ = {isa = PBXFileReference; lastKnownFileType = file.storyboard; name = Base; path = Base.lproj/Main.storyboard; sourceTree = "<group>"; };
		C5F34C8E1D2A1A460083F5E9 /* Assets.xcassets */ = {isa = PBXFileReference; lastKnownFileType = folder.assetcatalog; path = Assets.xcassets; sourceTree = "<group>"; };
		C5F34C911D2A1A460083F5E9 /* Base */ = {isa = PBXFileReference; lastKnownFileType = file.storyboard; name = Base; path = Base.lproj/LaunchScreen.storyboard; sourceTree = "<group>"; };
		C5F34C931D2A1A460083F5E9 /* Info.plist */ = {isa = PBXFileReference; lastKnownFileType = text.plist.xml; path = Info.plist; sourceTree = "<group>"; };
		C5F34C981D2A1A470083F5E9 /* FlyingBirdTests.xctest */ = {isa = PBXFileReference; explicitFileType = wrapper.cfbundle; includeInIndex = 0; path = FlyingBirdTests.xctest; sourceTree = BUILT_PRODUCTS_DIR; };
		C5F34C9C1D2A1A470083F5E9 /* FlyingBirdTests.swift */ = {isa = PBXFileReference; lastKnownFileType = sourcecode.swift; path = FlyingBirdTests.swift; sourceTree = "<group>"; };
		C5F34C9E1D2A1A470083F5E9 /* Info.plist */ = {isa = PBXFileReference; lastKnownFileType = text.plist.xml; path = Info.plist; sourceTree = "<group>"; };
		C5F34CA31D2A1A470083F5E9 /* FlyingBirdUITests.xctest */ = {isa = PBXFileReference; explicitFileType = wrapper.cfbundle; includeInIndex = 0; path = FlyingBirdUITests.xctest; sourceTree = BUILT_PRODUCTS_DIR; };
		C5F34CA71D2A1A470083F5E9 /* FlyingBirdUITests.swift */ = {isa = PBXFileReference; lastKnownFileType = sourcecode.swift; path = FlyingBirdUITests.swift; sourceTree = "<group>"; };
		C5F34CA91D2A1A470083F5E9 /* Info.plist */ = {isa = PBXFileReference; lastKnownFileType = text.plist.xml; path = Info.plist; sourceTree = "<group>"; };
		C5F34CB51D2A1ACF0083F5E9 /* bird.png */ = {isa = PBXFileReference; lastKnownFileType = image.png; path = bird.png; sourceTree = "<group>"; };
/* End PBXFileReference section */

/* Begin PBXFrameworksBuildPhase section */
		C5F34C811D2A1A460083F5E9 /* Frameworks */ = {
			isa = PBXFrameworksBuildPhase;
			buildActionMask = 2147483647;
			files = (
			);
			runOnlyForDeploymentPostprocessing = 0;
		};
		C5F34C951D2A1A470083F5E9 /* Frameworks */ = {
			isa = PBXFrameworksBuildPhase;
			buildActionMask = 2147483647;
			files = (
			);
			runOnlyForDeploymentPostprocessing = 0;
		};
		C5F34CA01D2A1A470083F5E9 /* Frameworks */ = {
			isa = PBXFrameworksBuildPhase;
			buildActionMask = 2147483647;
			files = (
			);
			runOnlyForDeploymentPostprocessing = 0;
		};
/* End PBXFrameworksBuildPhase section */

/* Begin PBXGroup section */
		C5F34C7B1D2A1A460083F5E9 = {
			isa = PBXGroup;
			children = (
				C5F34C861D2A1A460083F5E9 /* FlyingBird */,
				C5F34C9B1D2A1A470083F5E9 /* FlyingBirdTests */,
				C5F34CA61D2A1A470083F5E9 /* FlyingBirdUITests */,
				C5F34C851D2A1A460083F5E9 /* Products */,
			);
			sourceTree = "<group>";
		};
		C5F34C851D2A1A460083F5E9 /* Products */ = {
			isa = PBXGroup;
			children = (
				C5F34C841D2A1A460083F5E9 /* FlyingBird.app */,
				C5F34C981D2A1A470083F5E9 /* FlyingBirdTests.xctest */,
				C5F34CA31D2A1A470083F5E9 /* FlyingBirdUITests.xctest */,
			);
			name = Products;
			sourceTree = "<group>";
		};
		C5F34C861D2A1A460083F5E9 /* FlyingBird */ = {
			isa = PBXGroup;
			children = (
				C5F34CB51D2A1ACF0083F5E9 /* bird.png */,
				C5F34C871D2A1A460083F5E9 /* AppDelegate.swift */,
				C5F34C891D2A1A460083F5E9 /* ViewController.swift */,
				C5F34C8B1D2A1A460083F5E9 /* Main.storyboard */,
				C5F34C8E1D2A1A460083F5E9 /* Assets.xcassets */,
				C5F34C901D2A1A460083F5E9 /* LaunchScreen.storyboard */,
				C5F34C931D2A1A460083F5E9 /* Info.plist */,
			);
			path = FlyingBird;
			sourceTree = "<group>";
		};
		C5F34C9B1D2A1A470083F5E9 /* FlyingBirdTests */ = {
			isa = PBXGroup;
			children = (
				C5F34C9C1D2A1A470083F5E9 /* FlyingBirdTests.swift */,
				C5F34C9E1D2A1A470083F5E9 /* Info.plist */,
			);
			path = FlyingBirdTests;
			sourceTree = "<group>";
		};
		C5F34CA61D2A1A470083F5E9 /* FlyingBirdUITests */ = {
			isa = PBXGroup;
			children = (
				C5F34CA71D2A1A470083F5E9 /* FlyingBirdUITests.swift */,
				C5F34CA91D2A1A470083F5E9 /* Info.plist */,
			);
			path = FlyingBirdUITests;
			sourceTree = "<group>";
		};
/* End PBXGroup section */

/* Begin PBXNativeTarget section */
		C5F34C831D2A1A460083F5E9 /* FlyingBird */ = {
			isa = PBXNativeTarget;
			buildConfigurationList = C5F34CAC1D2A1A470083F5E9 /* Build configuration list for PBXNativeTarget "FlyingBird" */;
			buildPhases = (
				C5F34C801D2A1A460083F5E9 /* Sources */,
				C5F34C811D2A1A460083F5E9 /* Frameworks */,
				C5F34C821D2A1A460083F5E9 /* Resources */,
			);
			buildRules = (
			);
			dependencies = (
			);
			name = FlyingBird;
			productName = FlyingBird;
			productReference = C5F34C841D2A1A460083F5E9 /* FlyingBird.app */;
			productType = "com.apple.product-type.application";
		};
		C5F34C971D2A1A470083F5E9 /* FlyingBirdTests */ = {
			isa = PBXNativeTarget;
			buildConfigurationList = C5F34CAF1D2A1A470083F5E9 /* Build configuration list for PBXNativeTarget "FlyingBirdTests" */;
			buildPhases = (
				C5F34C941D2A1A470083F5E9 /* Sources */,
				C5F34C951D2A1A470083F5E9 /* Frameworks */,
				C5F34C961D2A1A470083F5E9 /* Resources */,
			);
			buildRules = (
			);
			dependencies = (
				C5F34C9A1D2A1A470083F5E9 /* PBXTargetDependency */,
			);
			name = FlyingBirdTests;
			productName = FlyingBirdTests;
			productReference = C5F34C981D2A1A470083F5E9 /* FlyingBirdTests.xctest */;
			productType = "com.apple.product-type.bundle.unit-test";
		};
		C5F34CA21D2A1A470083F5E9 /* FlyingBirdUITests */ = {
			isa = PBXNativeTarget;
			buildConfigurationList = C5F34CB21D2A1A470083F5E9 /* Build configuration list for PBXNativeTarget "FlyingBirdUITests" */;
			buildPhases = (
				C5F34C9F1D2A1A470083F5E9 /* Sources */,
				C5F34CA01D2A1A470083F5E9 /* Frameworks */,
				C5F34CA11D2A1A470083F5E9 /* Resources */,
			);
			buildRules = (
			);
			dependencies = (
				C5F34CA51D2A1A470083F5E9 /* PBXTargetDependency */,
			);
			name = FlyingBirdUITests;
			productName = FlyingBirdUITests;
			productReference = C5F34CA31D2A1A470083F5E9 /* FlyingBirdUITests.xctest */;
			productType = "com.apple.product-type.bundle.ui-testing";
		};
/* End PBXNativeTarget section */

/* Begin PBXProject section */
		C5F34C7C1D2A1A460083F5E9 /* Project object */ = {
			isa = PBXProject;
			attributes = {
				LastSwiftUpdateCheck = 0730;
				LastUpgradeCheck = 0730;
				ORGANIZATIONNAME = YongEun;
				TargetAttributes = {
					C5F34C831D2A1A460083F5E9 = {
						CreatedOnToolsVersion = 7.3.1;
						DevelopmentTeam = JYF58Q7668;
					};
					C5F34C971D2A1A470083F5E9 = {
						CreatedOnToolsVersion = 7.3.1;
						TestTargetID = C5F34C831D2A1A460083F5E9;
					};
					C5F34CA21D2A1A470083F5E9 = {
						CreatedOnToolsVersion = 7.3.1;
						TestTargetID = C5F34C831D2A1A460083F5E9;
					};
				};
			};
			buildConfigurationList = C5F34C7F1D2A1A460083F5E9 /* Build configuration list for PBXProject "FlyingBird" */;
			compatibilityVersion = "Xcode 3.2";
			developmentRegion = English;
			hasScannedForEncodings = 0;
			knownRegions = (
				en,
				Base,
			);
			mainGroup = C5F34C7B1D2A1A460083F5E9;
			productRefGroup = C5F34C851D2A1A460083F5E9 /* Products */;
			projectDirPath = "";
			projectRoot = "";
			targets = (
				C5F34C831D2A1A460083F5E9 /* FlyingBird */,
				C5F34C971D2A1A470083F5E9 /* FlyingBirdTests */,
				C5F34CA21D2A1A470083F5E9 /* FlyingBirdUITests */,
			);
		};
/* End PBXProject section */

/* Begin PBXResourcesBuildPhase section */
		C5F34C821D2A1A460083F5E9 /* Resources */ = {
			isa = PBXResourcesBuildPhase;
			buildActionMask = 2147483647;
			files = (
				C5F34CB61D2A1ACF0083F5E9 /* bird.png in Resources */,
				C5F34C921D2A1A460083F5E9 /* LaunchScreen.storyboard in Resources */,
				C5F34C8F1D2A1A460083F5E9 /* Assets.xcassets in Resources */,
				C5F34C8D1D2A1A460083F5E9 /* Main.storyboard in Resources */,
			);
			runOnlyForDeploymentPostprocessing = 0;
		};
		C5F34C961D2A1A470083F5E9 /* Resources */ = {
			isa = PBXResourcesBuildPhase;
			buildActionMask = 2147483647;
			files = (
			);
			runOnlyForDeploymentPostprocessing = 0;
		};
		C5F34CA11D2A1A470083F5E9 /* Resources */ = {
			isa = PBXResourcesBuildPhase;
			buildActionMask = 2147483647;
			files = (
			);
			runOnlyForDeploymentPostprocessing = 0;
		};
/* End PBXResourcesBuildPhase section */

/* Begin PBXSourcesBuildPhase section */
		C5F34C801D2A1A460083F5E9 /* Sources */ = {
			isa = PBXSourcesBuildPhase;
			buildActionMask = 2147483647;
			files = (
				C5F34C8A1D2A1A460083F5E9 /* ViewController.swift in Sources */,
				C5F34C881D2A1A460083F5E9 /* AppDelegate.swift in Sources */,
			);
			runOnlyForDeploymentPostprocessing = 0;
		};
		C5F34C941D2A1A470083F5E9 /* Sources */ = {
			isa = PBXSourcesBuildPhase;
			buildActionMask = 2147483647;
			files = (
				C5F34C9D1D2A1A470083F5E9 /* FlyingBirdTests.swift in Sources */,
			);
			runOnlyForDeploymentPostprocessing = 0;
		};
		C5F34C9F1D2A1A470083F5E9 /* Sources */ = {
			isa = PBXSourcesBuildPhase;
			buildActionMask = 2147483647;
			files = (
				C5F34CA81D2A1A470083F5E9 /* FlyingBirdUITests.swift in Sources */,
			);
			runOnlyForDeploymentPostprocessing = 0;
		};
/* End PBXSourcesBuildPhase section */

/* Begin PBXTargetDependency section */
		C5F34C9A1D2A1A470083F5E9 /* PBXTargetDependency */ = {
			isa = PBXTargetDependency;
			target = C5F34C831D2A1A460083F5E9 /* FlyingBird */;
			targetProxy = C5F34C991D2A1A470083F5E9 /* PBXContainerItemProxy */;
		};
		C5F34CA51D2A1A470083F5E9 /* PBXTargetDependency */ = {
			isa = PBXTargetDependency;
			target = C5F34C831D2A1A460083F5E9 /* FlyingBird */;
			targetProxy = C5F34CA41D2A1A470083F5E9 /* PBXContainerItemProxy */;
		};
/* End PBXTargetDependency section */

/* Begin PBXVariantGroup section */
		C5F34C8B1D2A1A460083F5E9 /* Main.storyboard */ = {
			isa = PBXVariantGroup;
			children = (
				C5F34C8C1D2A1A460083F5E9 /* Base */,
			);
			name = Main.storyboard;
			sourceTree = "<group>";
		};
		C5F34C901D2A1A460083F5E9 /* LaunchScreen.storyboard */ = {
			isa = PBXVariantGroup;
			children = (
				C5F34C911D2A1A460083F5E9 /* Base */,
			);
			name = LaunchScreen.storyboard;
			sourceTree = "<group>";
		};
/* End PBXVariantGroup section */

/* Begin XCBuildConfiguration section */
		C5F34CAA1D2A1A470083F5E9 /* Debug */ = {
			isa = XCBuildConfiguration;
			buildSettings = {
				ALWAYS_SEARCH_USER_PATHS = NO;
				CLANG_ANALYZER_NONNULL = YES;
				CLANG_CXX_LANGUAGE_STANDARD = "gnu++0x";
				CLANG_CXX_LIBRARY = "libc++";
				CLANG_ENABLE_MODULES = YES;
				CLANG_ENABLE_OBJC_ARC = YES;
				CLANG_WARN_BOOL_CONVERSION = YES;
				CLANG_WARN_CONSTANT_CONVERSION = YES;
				CLANG_WARN_DIRECT_OBJC_ISA_USAGE = YES_ERROR;
				CLANG_WARN_EMPTY_BODY = YES;
				CLANG_WARN_ENUM_CONVERSION = YES;
				CLANG_WARN_INT_CONVERSION = YES;
				CLANG_WARN_OBJC_ROOT_CLASS = YES_ERROR;
				CLANG_WARN_UNREACHABLE_CODE = YES;
				CLANG_WARN__DUPLICATE_METHOD_MATCH = YES;
				"CODE_SIGN_IDENTITY[sdk=iphoneos*]" = "iPhone Developer";
				COPY_PHASE_STRIP = NO;
				DEBUG_INFORMATION_FORMAT = dwarf;
				ENABLE_STRICT_OBJC_MSGSEND = YES;
				ENABLE_TESTABILITY = YES;
				GCC_C_LANGUAGE_STANDARD = gnu99;
				GCC_DYNAMIC_NO_PIC = NO;
				GCC_NO_COMMON_BLOCKS = YES;
				GCC_OPTIMIZATION_LEVEL = 0;
				GCC_PREPROCESSOR_DEFINITIONS = (
					"DEBUG=1",
					"$(inherited)",
				);
				GCC_WARN_64_TO_32_BIT_CONVERSION = YES;
				GCC_WARN_ABOUT_RETURN_TYPE = YES_ERROR;
				GCC_WARN_UNDECLARED_SELECTOR = YES;
				GCC_WARN_UNINITIALIZED_AUTOS = YES_AGGRESSIVE;
				GCC_WARN_UNUSED_FUNCTION = YES;
				GCC_WARN_UNUSED_VARIABLE = YES;
				IPHONEOS_DEPLOYMENT_TARGET = 9.3;
				MTL_ENABLE_DEBUG_INFO = YES;
				ONLY_ACTIVE_ARCH = YES;
				SDKROOT = iphoneos;
				SWIFT_OPTIMIZATION_LEVEL = "-Onone";
				TARGETED_DEVICE_FAMILY = "1,2";
			};
			name = Debug;
		};
		C5F34CAB1D2A1A470083F5E9 /* Release */ = {
			isa = XCBuildConfiguration;
			buildSettings = {
				ALWAYS_SEARCH_USER_PATHS = NO;
				CLANG_ANALYZER_NONNULL = YES;
				CLANG_CXX_LANGUAGE_STANDARD = "gnu++0x";
				CLANG_CXX_LIBRARY = "libc++";
				CLANG_ENABLE_MODULES = YES;
				CLANG_ENABLE_OBJC_ARC = YES;
				CLANG_WARN_BOOL_CONVERSION = YES;
				CLANG_WARN_CONSTANT_CONVERSION = YES;
				CLANG_WARN_DIRECT_OBJC_ISA_USAGE = YES_ERROR;
				CLANG_WARN_EMPTY_BODY = YES;
				CLANG_WARN_ENUM_CONVERSION = YES;
				CLANG_WARN_INT_CONVERSION = YES;
				CLANG_WARN_OBJC_ROOT_CLASS = YES_ERROR;
				CLANG_WARN_UNREACHABLE_CODE = YES;
				CLANG_WARN__DUPLICATE_METHOD_MATCH = YES;
				"CODE_SIGN_IDENTITY[sdk=iphoneos*]" = "iPhone Developer";
				COPY_PHASE_STRIP = NO;
				DEBUG_INFORMATION_FORMAT = "dwarf-with-dsym";
				ENABLE_NS_ASSERTIONS = NO;
				ENABLE_STRICT_OBJC_MSGSEND = YES;
				GCC_C_LANGUAGE_STANDARD = gnu99;
				GCC_NO_COMMON_BLOCKS = YES;
				GCC_WARN_64_TO_32_BIT_CONVERSION = YES;
				GCC_WARN_ABOUT_RETURN_TYPE = YES_ERROR;
				GCC_WARN_UNDECLARED_SELECTOR = YES;
				GCC_WARN_UNINITIALIZED_AUTOS = YES_AGGRESSIVE;
				GCC_WARN_UNUSED_FUNCTION = YES;
				GCC_WARN_UNUSED_VARIABLE = YES;
				IPHONEOS_DEPLOYMENT_TARGET = 9.3;
				MTL_ENABLE_DEBUG_INFO = NO;
				SDKROOT = iphoneos;
				TARGETED_DEVICE_FAMILY = "1,2";
				VALIDATE_PRODUCT = YES;
			};
			name = Release;
		};
		C5F34CAD1D2A1A470083F5E9 /* Debug */ = {
			isa = XCBuildConfiguration;
			buildSettings = {
				ASSETCATALOG_COMPILER_APPICON_NAME = AppIcon;
				CODE_SIGN_IDENTITY = "iPhone Developer";
				"CODE_SIGN_IDENTITY[sdk=iphoneos*]" = "iPhone Developer";
				INFOPLIST_FILE = FlyingBird/Info.plist;
				LD_RUNPATH_SEARCH_PATHS = "$(inherited) @executable_path/Frameworks";
				PRODUCT_BUNDLE_IDENTIFIER = com.osori.FlyingBird;
				PRODUCT_NAME = "$(TARGET_NAME)";
				PROVISIONING_PROFILE = "";
			};
			name = Debug;
		};
		C5F34CAE1D2A1A470083F5E9 /* Release */ = {
			isa = XCBuildConfiguration;
			buildSettings = {
				ASSETCATALOG_COMPILER_APPICON_NAME = AppIcon;
				CODE_SIGN_IDENTITY = "iPhone Developer";
				"CODE_SIGN_IDENTITY[sdk=iphoneos*]" = "iPhone Developer";
				INFOPLIST_FILE = FlyingBird/Info.plist;
				LD_RUNPATH_SEARCH_PATHS = "$(inherited) @executable_path/Frameworks";
				PRODUCT_BUNDLE_IDENTIFIER = com.osori.FlyingBird;
				PRODUCT_NAME = "$(TARGET_NAME)";
				PROVISIONING_PROFILE = "";
			};
			name = Release;
		};
		C5F34CB01D2A1A470083F5E9 /* Debug */ = {
			isa = XCBuildConfiguration;
			buildSettings = {
				BUNDLE_LOADER = "$(TEST_HOST)";
				INFOPLIST_FILE = FlyingBirdTests/Info.plist;
				LD_RUNPATH_SEARCH_PATHS = "$(inherited) @executable_path/Frameworks @loader_path/Frameworks";
				PRODUCT_BUNDLE_IDENTIFIER = com.osori.FlyingBirdTests;
				PRODUCT_NAME = "$(TARGET_NAME)";
				TEST_HOST = "$(BUILT_PRODUCTS_DIR)/FlyingBird.app/FlyingBird";
			};
			name = Debug;
		};
		C5F34CB11D2A1A470083F5E9 /* Release */ = {
			isa = XCBuildConfiguration;
			buildSettings = {
				BUNDLE_LOADER = "$(TEST_HOST)";
				INFOPLIST_FILE = FlyingBirdTests/Info.plist;
				LD_RUNPATH_SEARCH_PATHS = "$(inherited) @executable_path/Frameworks @loader_path/Frameworks";
				PRODUCT_BUNDLE_IDENTIFIER = com.osori.FlyingBirdTests;
				PRODUCT_NAME = "$(TARGET_NAME)";
				TEST_HOST = "$(BUILT_PRODUCTS_DIR)/FlyingBird.app/FlyingBird";
			};
			name = Release;
		};
		C5F34CB31D2A1A470083F5E9 /* Debug */ = {
			isa = XCBuildConfiguration;
			buildSettings = {
				INFOPLIST_FILE = FlyingBirdUITests/Info.plist;
				LD_RUNPATH_SEARCH_PATHS = "$(inherited) @executable_path/Frameworks @loader_path/Frameworks";
				PRODUCT_BUNDLE_IDENTIFIER = com.osori.FlyingBirdUITests;
				PRODUCT_NAME = "$(TARGET_NAME)";
				TEST_TARGET_NAME = FlyingBird;
			};
			name = Debug;
		};
		C5F34CB41D2A1A470083F5E9 /* Release */ = {
			isa = XCBuildConfiguration;
			buildSettings = {
				INFOPLIST_FILE = FlyingBirdUITests/Info.plist;
				LD_RUNPATH_SEARCH_PATHS = "$(inherited) @executable_path/Frameworks @loader_path/Frameworks";
				PRODUCT_BUNDLE_IDENTIFIER = com.osori.FlyingBirdUITests;
				PRODUCT_NAME = "$(TARGET_NAME)";
				TEST_TARGET_NAME = FlyingBird;
			};
			name = Release;
		};
/* End XCBuildConfiguration section */

/* Begin XCConfigurationList section */
		C5F34C7F1D2A1A460083F5E9 /* Build configuration list for PBXProject "FlyingBird" */ = {
			isa = XCConfigurationList;
			buildConfigurations = (
				C5F34CAA1D2A1A470083F5E9 /* Debug */,
				C5F34CAB1D2A1A470083F5E9 /* Release */,
			);
			defaultConfigurationIsVisible = 0;
			defaultConfigurationName = Release;
		};
		C5F34CAC1D2A1A470083F5E9 /* Build configuration list for PBXNativeTarget "FlyingBird" */ = {
			isa = XCConfigurationList;
			buildConfigurations = (
				C5F34CAD1D2A1A470083F5E9 /* Debug */,
				C5F34CAE1D2A1A470083F5E9 /* Release */,
			);
			defaultConfigurationIsVisible = 0;
		};
		C5F34CAF1D2A1A470083F5E9 /* Build configuration list for PBXNativeTarget "FlyingBirdTests" */ = {
			isa = XCConfigurationList;
			buildConfigurations = (
				C5F34CB01D2A1A470083F5E9 /* Debug */,
				C5F34CB11D2A1A470083F5E9 /* Release */,
			);
			defaultConfigurationIsVisible = 0;
		};
		C5F34CB21D2A1A470083F5E9 /* Build configuration list for PBXNativeTarget "FlyingBirdUITests" */ = {
			isa = XCConfigurationList;
			buildConfigurations = (
				C5F34CB31D2A1A470083F5E9 /* Debug */,
				C5F34CB41D2A1A470083F5E9 /* Release */,
			);
			defaultConfigurationIsVisible = 0;
		};
/* End XCConfigurationList section */
	};
	rootObject = C5F34C7C1D2A1A460083F5E9 /* Project object */;
}
